
Microsoft Visual Studio Solution File, Format Version 12.00
# Visual Studio Version 17
VisualStudioVersion = 17.4.33205.214
MinimumVisualStudioVersion = 10.0.40219.1
Project("{888888A0-9F3D-457C-B088-3A5042F75D52}") = "TSE UI", "TSE UI.pyproj", "{FA670B08-DF20-4C65-8CB6-E1F535B6B429}"
EndProject
Global
	GlobalSection(SolutionConfigurationPlatforms) = preSolution
		Debug|Any CPU = Debug|Any CPU
		Release|Any CPU = Release|Any CPU
	EndGlobalSection
	GlobalSection(ProjectConfigurationPlatforms) = postSolution
		{FA670B08-DF20-4C65-8CB6-E1F535B6B429}.Debug|Any CPU.ActiveCfg = Debug|Any CPU
		{FA670B08-DF20-4C65-8CB6-E1F535B6B429}.Release|Any CPU.ActiveCfg = Release|Any CPU
	EndGlobalSection
	GlobalSection(SolutionProperties) = preSolution
		HideSolutionNode = FALSE
	EndGlobalSection
	GlobalSection(ExtensibilityGlobals) = postSolution
		SolutionGuid = {F319BC92-596D-445E-8581-DFAADFD78B24}
	EndGlobalSection
EndGlobal
